
Microsoft Visual Studio Solution File, Format Version 12.00
# Visual Studio 15
VisualStudioVersion = 15.0.27703.2018
MinimumVisualStudioVersion = 10.0.40219.1
Project("{FAE04EC0-301F-11D3-BF4B-00C04F79EFBC}") = "EmployeeService", "WebApiDemo\EmployeeService.csproj", "{3405DD7A-C7D9-4CC3-BA33-36CEF3AFC967}"
EndProject
Project("{FAE04EC0-301F-11D3-BF4B-00C04F79EFBC}") = "EmployeeDataAccess", "EmployeeDataAccess\EmployeeDataAccess.csproj", "{0D0838DE-9AE9-40E6-A695-F9336A239F9B}"
EndProject
Global
	GlobalSection(SolutionConfigurationPlatforms) = preSolution
		Debug|Any CPU = Debug|Any CPU
		Release|Any CPU = Release|Any CPU
	EndGlobalSection
	GlobalSection(ProjectConfigurationPlatforms) = postSolution
		{3405DD7A-C7D9-4CC3-BA33-36CEF3AFC967}.Debug|Any CPU.ActiveCfg = Debug|Any CPU
		{3405DD7A-C7D9-4CC3-BA33-36CEF3AFC967}.Debug|Any CPU.Build.0 = Debug|Any CPU
		{3405DD7A-C7D9-4CC3-BA33-36CEF3AFC967}.Release|Any CPU.ActiveCfg = Release|Any CPU
		{3405DD7A-C7D9-4CC3-BA33-36CEF3AFC967}.Release|Any CPU.Build.0 = Release|Any CPU
		{0D0838DE-9AE9-40E6-A695-F9336A239F9B}.Debug|Any CPU.ActiveCfg = Debug|Any CPU
		{0D0838DE-9AE9-40E6-A695-F9336A239F9B}.Debug|Any CPU.Build.0 = Debug|Any CPU
		{0D0838DE-9AE9-40E6-A695-F9336A239F9B}.Release|Any CPU.ActiveCfg = Release|Any CPU
		{0D0838DE-9AE9-40E6-A695-F9336A239F9B}.Release|Any CPU.Build.0 = Release|Any CPU
	EndGlobalSection
	GlobalSection(SolutionProperties) = preSolution
		HideSolutionNode = FALSE
	EndGlobalSection
	GlobalSection(ExtensibilityGlobals) = postSolution
		SolutionGuid = {33C6D7CA-FA47-4CAA-BAE6-B0216F95DD68}
	EndGlobalSection
EndGlobal
